
Microsoft Visual Studio Solution File, Format Version 12.00
# Visual Studio Version 17
VisualStudioVersion = 17.0.31903.59
MinimumVisualStudioVersion = 10.0.40219.1
Project("{9A19103F-16F7-4668-BE54-9A1E7A4F7556}") = "simple web app", "simple web app\simple web app.csproj", "{E2CFD3A6-1D4E-4787-84D0-E355E0669536}"
EndProject
Global
	GlobalSection(SolutionConfigurationPlatforms) = preSolution
		Debug|Any CPU = Debug|Any CPU
		Release|Any CPU = Release|Any CPU
	EndGlobalSection
	GlobalSection(ProjectConfigurationPlatforms) = postSolution
		{E2CFD3A6-1D4E-4787-84D0-E355E0669536}.Debug|Any CPU.ActiveCfg = Debug|Any CPU
		{E2CFD3A6-1D4E-4787-84D0-E355E0669536}.Debug|Any CPU.Build.0 = Debug|Any CPU
		{E2CFD3A6-1D4E-4787-84D0-E355E0669536}.Release|Any CPU.ActiveCfg = Release|Any CPU
		{E2CFD3A6-1D4E-4787-84D0-E355E0669536}.Release|Any CPU.Build.0 = Release|Any CPU
	EndGlobalSection
	GlobalSection(SolutionProperties) = preSolution
		HideSolutionNode = FALSE
	EndGlobalSection
	GlobalSection(ExtensibilityGlobals) = postSolution
		SolutionGuid = {17EF003A-D8EC-4724-A90C-37EB4BE35BEC}
	EndGlobalSection
EndGlobal
